
Microsoft Visual Studio Solution File, Format Version 10.00
# Visual Studio 2008
Project("{8BC9CEB8-8B4A-11D0-8D11-00A0C91BC942}") = "pgnlearn", "pgnlearn.vcproj", "{71869AB4-E501-408E-AF6B-22B8F91ED242}"
EndProject
Global
	GlobalSection(SolutionConfigurationPlatforms) = preSolution
		Debug|Win32 = Debug|Win32
		Release|Win32 = Release|Win32
	EndGlobalSection
	GlobalSection(ProjectConfigurationPlatforms) = postSolution
		{71869AB4-E501-408E-AF6B-22B8F91ED242}.Debug|Win32.ActiveCfg = Debug|Win32
		{71869AB4-E501-408E-AF6B-22B8F91ED242}.Debug|Win32.Build.0 = Debug|Win32
		{71869AB4-E501-408E-AF6B-22B8F91ED242}.Release|Win32.ActiveCfg = Release|Win32
		{71869AB4-E501-408E-AF6B-22B8F91ED242}.Release|Win32.Build.0 = Release|Win32
	EndGlobalSection
	GlobalSection(SolutionProperties) = preSolution
		HideSolutionNode = FALSE
	EndGlobalSection
EndGlobal
